
Microsoft Visual Studio Solution File, Format Version 12.00
# Visual Studio Version 16
VisualStudioVersion = 16.0.30503.244
MinimumVisualStudioVersion = 10.0.40219.1
Project("{8BC9CEB8-8B4A-11D0-8D11-00A0C91BC942}") = "amsiejus_v0.3", "amsiejus_v0.3\amsiejus_v0.3.vcxproj", "{F8766DD7-51B7-4CE6-850F-F9CF87D05B67}"
EndProject
Global
	GlobalSection(SolutionConfigurationPlatforms) = preSolution
		Debug|x64 = Debug|x64
		Debug|x86 = Debug|x86
		Release|x64 = Release|x64
		Release|x86 = Release|x86
	EndGlobalSection
	GlobalSection(ProjectConfigurationPlatforms) = postSolution
		{F8766DD7-51B7-4CE6-850F-F9CF87D05B67}.Debug|x64.ActiveCfg = Debug|x64
		{F8766DD7-51B7-4CE6-850F-F9CF87D05B67}.Debug|x64.Build.0 = Debug|x64
		{F8766DD7-51B7-4CE6-850F-F9CF87D05B67}.Debug|x86.ActiveCfg = Debug|Win32
		{F8766DD7-51B7-4CE6-850F-F9CF87D05B67}.Debug|x86.Build.0 = Debug|Win32
		{F8766DD7-51B7-4CE6-850F-F9CF87D05B67}.Release|x64.ActiveCfg = Release|x64
		{F8766DD7-51B7-4CE6-850F-F9CF87D05B67}.Release|x64.Build.0 = Release|x64
		{F8766DD7-51B7-4CE6-850F-F9CF87D05B67}.Release|x86.ActiveCfg = Release|Win32
		{F8766DD7-51B7-4CE6-850F-F9CF87D05B67}.Release|x86.Build.0 = Release|Win32
	EndGlobalSection
	GlobalSection(SolutionProperties) = preSolution
		HideSolutionNode = FALSE
	EndGlobalSection
	GlobalSection(ExtensibilityGlobals) = postSolution
		SolutionGuid = {7DBD0168-A141-4CBE-834F-0195C2A3748E}
	EndGlobalSection
EndGlobal
